
Microsoft Visual Studio Solution File, Format Version 12.00
# Visual Studio Version 16
VisualStudioVersion = 16.0.31410.357
MinimumVisualStudioVersion = 10.0.40219.1
Project("{FAE04EC0-301F-11D3-BF4B-00C04F79EFBC}") = "TemplateMod", "TemplateMod\TemplateMod.csproj", "{F74EC3D1-01E1-471A-BDC9-3E7CCDF6B520}"
EndProject
Project("{FAE04EC0-301F-11D3-BF4B-00C04F79EFBC}") = "FastStart", "FastStart\FastStart.csproj", "{146980D0-B2C7-458C-A5B4-1BAF24B7E4EE}"
EndProject
Project("{FAE04EC0-301F-11D3-BF4B-00C04F79EFBC}") = "DisableAnalytics", "DisableAnalytics\DisableAnalytics.csproj", "{72181853-3B5E-41CB-85CC-C81CE557E2AF}"
EndProject
Project("{2150E333-8FDC-42A3-9474-1A3956D46DE8}") = "Templates", "Templates", "{8091CC6F-F16E-4627-B0B2-D21D6EE3B2DB}"
EndProject
Project("{2150E333-8FDC-42A3-9474-1A3956D46DE8}") = "Mods", "Mods", "{83B3CACF-271B-45F8-A84F-626DEEC11612}"
EndProject
Global
	GlobalSection(SolutionConfigurationPlatforms) = preSolution
		Debug|Any CPU = Debug|Any CPU
		Release|Any CPU = Release|Any CPU
	EndGlobalSection
	GlobalSection(ProjectConfigurationPlatforms) = postSolution
		{F74EC3D1-01E1-471A-BDC9-3E7CCDF6B520}.Debug|Any CPU.ActiveCfg = Debug|Any CPU
		{F74EC3D1-01E1-471A-BDC9-3E7CCDF6B520}.Debug|Any CPU.Build.0 = Debug|Any CPU
		{F74EC3D1-01E1-471A-BDC9-3E7CCDF6B520}.Release|Any CPU.ActiveCfg = Release|Any CPU
		{F74EC3D1-01E1-471A-BDC9-3E7CCDF6B520}.Release|Any CPU.Build.0 = Release|Any CPU
		{146980D0-B2C7-458C-A5B4-1BAF24B7E4EE}.Debug|Any CPU.ActiveCfg = Debug|Any CPU
		{146980D0-B2C7-458C-A5B4-1BAF24B7E4EE}.Debug|Any CPU.Build.0 = Debug|Any CPU
		{146980D0-B2C7-458C-A5B4-1BAF24B7E4EE}.Release|Any CPU.ActiveCfg = Release|Any CPU
		{146980D0-B2C7-458C-A5B4-1BAF24B7E4EE}.Release|Any CPU.Build.0 = Release|Any CPU
		{72181853-3B5E-41CB-85CC-C81CE557E2AF}.Debug|Any CPU.ActiveCfg = Debug|Any CPU
		{72181853-3B5E-41CB-85CC-C81CE557E2AF}.Debug|Any CPU.Build.0 = Debug|Any CPU
		{72181853-3B5E-41CB-85CC-C81CE557E2AF}.Release|Any CPU.ActiveCfg = Release|Any CPU
		{72181853-3B5E-41CB-85CC-C81CE557E2AF}.Release|Any CPU.Build.0 = Release|Any CPU
	EndGlobalSection
	GlobalSection(SolutionProperties) = preSolution
		HideSolutionNode = FALSE
	EndGlobalSection
	GlobalSection(NestedProjects) = preSolution
		{F74EC3D1-01E1-471A-BDC9-3E7CCDF6B520} = {8091CC6F-F16E-4627-B0B2-D21D6EE3B2DB}
		{146980D0-B2C7-458C-A5B4-1BAF24B7E4EE} = {83B3CACF-271B-45F8-A84F-626DEEC11612}
		{72181853-3B5E-41CB-85CC-C81CE557E2AF} = {83B3CACF-271B-45F8-A84F-626DEEC11612}
	EndGlobalSection
	GlobalSection(ExtensibilityGlobals) = postSolution
		SolutionGuid = {CD1063F6-8B10-4D6E-AD75-4E60A8F56A8B}
	EndGlobalSection
EndGlobal
